# Complete publication-host dependency lock WITH per-package hashes: the full
# transitive closure of requirements-publication-direct.txt, with the SHA-256
# of each artifact pip resolved on the validated publication host
# (Windows x86_64, CPython 3.14.3). Install with:
#   pip install --require-hashes -r requirements.lock
# Hashes are for the host-resolved artifacts; regenerate after changing
# requirements-publication-direct.txt.

charset-normalizer==3.4.7 \
    --hash=sha256:92a0a01ead5e668468e952e4238cccd7c537364eb7d851ab144ab6627dbbe12f
contourpy==1.3.3 \
    --hash=sha256:cf9022ef053f2694e31d630feaacb21ea24224be1c3ad0520b13d844274614fd
cycler==0.12.1 \
    --hash=sha256:85cef7cff222d8644161529808465972e51340599459b8ac3ccbac5a854e0d30
fonttools==4.63.0 \
    --hash=sha256:7d782fac32985914c351556f68ac0855391572bcd87de50e05970d3cd4c96fc5
kiwisolver==1.5.0 \
    --hash=sha256:d76e2d8c75051d58177e762164d2e9ab92886534e3a12e795f103524f221dd8e
matplotlib==3.10.9 \
    --hash=sha256:336b9acc64d309063126edcdaca00db9373af3c476bb94388fe9c5a53ad13e6f
numpy==2.4.6 \
    --hash=sha256:b507f5c4c1d508876d1819b6bf9a49d365b96320b5d4993426b33a23ca4b8261
packaging==26.2 \
    --hash=sha256:5fc45236b9446107ff2415ce77c807cee2862cb6fac22b8a73826d0693b0980e
pillow==12.2.0 \
    --hash=sha256:4e6c62e9d237e9b65fac06857d511e90d8461a32adcc1b9065ea0c0fa3a28150
pyparsing==3.3.2 \
    --hash=sha256:850ba148bd908d7e2411587e247a1e4f0327839c40e2e5e6d05a007ecc69911d
pyserial==3.5 \
    --hash=sha256:c4451db6ba391ca6ca299fb3ec7bae67a5c55dde170964c7a14ceefec02f2cf0
python-dateutil==2.9.0.post0 \
    --hash=sha256:a8b2bc7bffae282281c8140a97d3aa9c14da0b136dfe83f850eea9a5f7470427
reportlab==4.5.1 \
    --hash=sha256:06fce8cb56c83307cfa4909cdf4e6a2ddbb44e5d6ef4d2edca896d7e9769f091
six==1.17.0 \
    --hash=sha256:4721f391ed90541fddacab5acf947aa0d3dc7d27b2e1e8eda2be8970586c3274
truststore==0.10.4 \
    --hash=sha256:adaeaecf1cbb5f4de3b1959b42d41f6fab57b2b1666adb59e89cb0b53361d981
